
Microsoft Visual Studio Solution File, Format Version 12.00
# Visual Studio Version 17
VisualStudioVersion = 17.8.34316.72
MinimumVisualStudioVersion = 10.0.40219.1
Project("{FAE04EC0-301F-11D3-BF4B-00C04F79EFBC}") = "DaynatraceOpenTelemetryPlayground", "DaynatraceOpenTelemetryPlayground\DaynatraceOpenTelemetryPlayground.csproj", "{3579BFB3-DFC6-4462-90C3-3AE3C6BF389A}"
EndProject
Global
	GlobalSection(SolutionConfigurationPlatforms) = preSolution
		Debug|Any CPU = Debug|Any CPU
		Release|Any CPU = Release|Any CPU
	EndGlobalSection
	GlobalSection(ProjectConfigurationPlatforms) = postSolution
		{3579BFB3-DFC6-4462-90C3-3AE3C6BF389A}.Debug|Any CPU.ActiveCfg = Debug|Any CPU
		{3579BFB3-DFC6-4462-90C3-3AE3C6BF389A}.Debug|Any CPU.Build.0 = Debug|Any CPU
		{3579BFB3-DFC6-4462-90C3-3AE3C6BF389A}.Release|Any CPU.ActiveCfg = Release|Any CPU
		{3579BFB3-DFC6-4462-90C3-3AE3C6BF389A}.Release|Any CPU.Build.0 = Release|Any CPU
	EndGlobalSection
	GlobalSection(SolutionProperties) = preSolution
		HideSolutionNode = FALSE
	EndGlobalSection
	GlobalSection(ExtensibilityGlobals) = postSolution
		SolutionGuid = {51501B4D-C8BA-4FB4-80AD-C3D169BC8909}
	EndGlobalSection
EndGlobal
